
Microsoft Visual Studio Solution File, Format Version 12.00
# Visual Studio Version 17
VisualStudioVersion = 17.2.32516.85
MinimumVisualStudioVersion = 10.0.40219.1
Project("{FAE04EC0-301F-11D3-BF4B-00C04F79EFBC}") = "MessageProducer", "MessageProducer\MessageProducer.csproj", "{391EADDA-555E-44B9-828B-CB48E8ECAD9C}"
EndProject
Project("{FAE04EC0-301F-11D3-BF4B-00C04F79EFBC}") = "MessageReceiver", "MessageReceiver\MessageReceiver.csproj", "{8FE7056B-1725-48D2-845D-0FB9C78BAB60}"
EndProject
Global
	GlobalSection(SolutionConfigurationPlatforms) = preSolution
		Debug|Any CPU = Debug|Any CPU
		Release|Any CPU = Release|Any CPU
	EndGlobalSection
	GlobalSection(ProjectConfigurationPlatforms) = postSolution
		{391EADDA-555E-44B9-828B-CB48E8ECAD9C}.Debug|Any CPU.ActiveCfg = Debug|Any CPU
		{391EADDA-555E-44B9-828B-CB48E8ECAD9C}.Debug|Any CPU.Build.0 = Debug|Any CPU
		{391EADDA-555E-44B9-828B-CB48E8ECAD9C}.Release|Any CPU.ActiveCfg = Release|Any CPU
		{391EADDA-555E-44B9-828B-CB48E8ECAD9C}.Release|Any CPU.Build.0 = Release|Any CPU
		{8FE7056B-1725-48D2-845D-0FB9C78BAB60}.Debug|Any CPU.ActiveCfg = Debug|Any CPU
		{8FE7056B-1725-48D2-845D-0FB9C78BAB60}.Debug|Any CPU.Build.0 = Debug|Any CPU
		{8FE7056B-1725-48D2-845D-0FB9C78BAB60}.Release|Any CPU.ActiveCfg = Release|Any CPU
		{8FE7056B-1725-48D2-845D-0FB9C78BAB60}.Release|Any CPU.Build.0 = Release|Any CPU
	EndGlobalSection
	GlobalSection(SolutionProperties) = preSolution
		HideSolutionNode = FALSE
	EndGlobalSection
	GlobalSection(ExtensibilityGlobals) = postSolution
		SolutionGuid = {3EF04BF0-E0BF-443C-A3ED-54495266D6B4}
	EndGlobalSection
EndGlobal
